<?xml version="1.0" encoding="UTF-8" standalone="yes" ?>
<CodeBlocks_project_file>
	<FileVersion major="1" minor="6" />
	<Project>
		<Option title="cplusproject" />
		<Option pch_mode="2" />
		<Option compiler="gcc" />
		<Build>
			<Target title="Debug">
				<Option output="bin/Debug/cplusproject" prefix_auto="1" extension_auto="1" />
				<Option object_output="obj/Debug/" />
				<Option type="1" />
				<Option compiler="gcc" />
				<Compiler>
					<Add option="-g" />
				</Compiler>
			</Target>
			<Target title="Release">
				<Option output="bin/Release/cplusproject" prefix_auto="1" extension_auto="1" />
				<Option object_output="obj/Release/" />
				<Option type="1" />
				<Option compiler="gcc" />
				<Compiler>
					<Add option="-O2" />
				</Compiler>
				<Linker>
					<Add option="-s" />
				</Linker>
			</Target>
		</Build>
		<Compiler>
			<Add option="-Wall" />
			<Add option="-fexceptions" />
		</Compiler>
		<Unit filename="Colis.cpp" />
		<Unit filename="Colis.h" />
		<Unit filename="Facteur.cpp" />
		<Unit filename="Facteur.h" />
		<Unit filename="Habitant.cpp" />
		<Unit filename="Habitant.h" />
		<Unit filename="Lettre.cpp" />
		<Unit filename="Lettre.h" />
		<Unit filename="Logs.cpp" />
		<Unit filename="Logs.h" />
		<Unit filename="Recommandes.cpp" />
		<Unit filename="Recommandes.h" />
		<Unit filename="User.cpp" />
		<Unit filename="User.h" />
		<Unit filename="ZoneGeographique.cpp" />
		<Unit filename="ZoneGeographique.h" />
		<Unit filename="cryptage.cpp" />
		<Unit filename="cryptage.h" />
		<Unit filename="delete.cpp" />
		<Unit filename="delete.h" />
		<Unit filename="main.cpp" />
		<Extensions>
			<code_completion />
			<envvars />
			<debugger />
			<lib_finder disable_auto="1" />
		</Extensions>
	</Project>
</CodeBlocks_project_file>
